
Microsoft Visual Studio Solution File, Format Version 12.00
# Visual Studio Version 16
VisualStudioVersion = 16.0.29519.181
MinimumVisualStudioVersion = 10.0.40219.1
Project("{FAE04EC0-301F-11D3-BF4B-00C04F79EFBC}") = "SchoolManagementApp", "SchoolManagementApp\SchoolManagementApp.csproj", "{77B1A0E5-D944-4664-88CF-910FA68152D6}"
EndProject
Global
	GlobalSection(SolutionConfigurationPlatforms) = preSolution
		Debug|Any CPU = Debug|Any CPU
		Release|Any CPU = Release|Any CPU
	EndGlobalSection
	GlobalSection(ProjectConfigurationPlatforms) = postSolution
		{77B1A0E5-D944-4664-88CF-910FA68152D6}.Debug|Any CPU.ActiveCfg = Debug|Any CPU
		{77B1A0E5-D944-4664-88CF-910FA68152D6}.Debug|Any CPU.Build.0 = Debug|Any CPU
		{77B1A0E5-D944-4664-88CF-910FA68152D6}.Release|Any CPU.ActiveCfg = Release|Any CPU
		{77B1A0E5-D944-4664-88CF-910FA68152D6}.Release|Any CPU.Build.0 = Release|Any CPU
	EndGlobalSection
	GlobalSection(SolutionProperties) = preSolution
		HideSolutionNode = FALSE
	EndGlobalSection
	GlobalSection(ExtensibilityGlobals) = postSolution
		SolutionGuid = {4E9277EF-4906-40E8-8362-A85E5BC46458}
	EndGlobalSection
EndGlobal
